lockfileVersion: '9.0'

settings:
  autoInstallPeers: true
  excludeLinksFromLockfile: false

overrides:
  '@mastra/client-js': link:../../client-sdks/client-js
  '@mastra/core': link:../../packages/core
  '@mastra/editor': link:../../packages/editor
  '@mastra/libsql': link:../../stores/libsql
  '@mastra/loggers': link:../../packages/loggers
  '@mastra/memory': link:../../packages/memory
  '@mastra/ai-sdk': link:../../client-sdks/ai-sdk
  mastra: link:../../packages/cli

importers:

  .:
    dependencies:
      '@ai-sdk/openai':
        specifier: ^3.0.0
        version: 3.0.86(zod@4.4.3)
      '@mastra/core':
        specifier: link:../../packages/core
        version: link:../../packages/core
      '@mastra/editor':
        specifier: link:../../packages/editor
        version: link:../../packages/editor
      '@mastra/libsql':
        specifier: link:../../stores/libsql
        version: link:../../stores/libsql
      '@mastra/loggers':
        specifier: link:../../packages/loggers
        version: link:../../packages/loggers
      zod:
        specifier: ^4.4.3
        version: 4.4.3
    devDependencies:
      mastra:
        specifier: link:../../packages/cli
        version: link:../../packages/cli
      typescript:
        specifier: ^5.9.3
        version: 5.9.3

packages:

  '@ai-sdk/openai@3.0.86':
    resolution: {integrity: sha512-np3jjvNmWVZyBjI02a1fx4TzWVnOaOp3yJAfOJw9dxEAPmvnOhyx22TkFcJ91LqyFuCbGKZKtSBj6ee7ARsiPw==}
    engines: {node: '>=18'}
    peerDependencies:
      zod: ^3.25.76 || ^4.1.8

  '@ai-sdk/provider-utils@4.0.40':
    resolution: {integrity: sha512-OL5IrpUm9Y8Dwy+w/vvFwPotS6m52O9W0op2oXgXdCROMJIBalBI0oro6OIBYkPxvm5Xg02GSkoQN25RlR0bnw==}
    engines: {node: '>=18'}
    peerDependencies:
      zod: ^3.25.76 || ^4.1.8

  '@ai-sdk/provider@3.0.14':
    resolution: {integrity: sha512-5X1k57JBJ4H7H1QjX7CnJYAB1I19r/trVZTMcSms7/kLNZ8RaU4Nt2agcwZzv82Hfx6Q7/TOLU7agAKeFfc8cA==}
    engines: {node: '>=18'}

  '@standard-schema/spec@1.1.0':
    resolution: {integrity: sha512-l2aFy5jALhniG5HgqrD6jXLi/rUWrKvqN/qJx6yoJsgKhblVd+iqqU4RCXavm/jPityDo5TCvKMnpjKnOriy0w==}

  eventsource-parser@3.1.0:
    resolution: {integrity: sha512-kJezFj9YFAMLeORyi7aCLxLbD5/qWMQnoMVlVPyHIll7lgRJCc3JVln9Vgl9nwQi0YkMnhdGTMNn7CkRRAptMg==}
    engines: {node: '>=18.0.0'}

  json-schema@0.4.0:
    resolution: {integrity: sha512-es94M3nTIfsEPisRafak+HDLfHXnKBhV3vU5eqPcS3flIWqcxJWgXHXiey3YrpaNsanY5ei1VoYEbOzijuq9BA==}

  typescript@5.9.3:
    resolution: {integrity: sha512-jl1vZzPDinLr9eUt3J/t7V6FgNEw9QjvBPdysz9KfQDD41fQrC2Y4vKQdiaUpFT4bXlb1RHhLpp8wtm6M5TgSw==}
    engines: {node: '>=14.17'}
    hasBin: true

  zod@4.4.3:
    resolution: {integrity: sha512-ytENFjIJFl2UwYglde2jchW2Hwm4GJFLDiSXWdTrJQBIN9Fcyp7n4DhxJEiWNAJMV1/BqWfW/kkg71UDcHJyTQ==}

snapshots:

  '@ai-sdk/openai@3.0.86(zod@4.4.3)':
    dependencies:
      '@ai-sdk/provider': 3.0.14
      '@ai-sdk/provider-utils': 4.0.40(zod@4.4.3)
      zod: 4.4.3

  '@ai-sdk/provider-utils@4.0.40(zod@4.4.3)':
    dependencies:
      '@ai-sdk/provider': 3.0.14
      '@standard-schema/spec': 1.1.0
      eventsource-parser: 3.1.0
      zod: 4.4.3

  '@ai-sdk/provider@3.0.14':
    dependencies:
      json-schema: 0.4.0

  '@standard-schema/spec@1.1.0': {}

  eventsource-parser@3.1.0: {}

  json-schema@0.4.0: {}

  typescript@5.9.3: {}

  zod@4.4.3: {}
