lockfileVersion: '9.0'

settings:
  autoInstallPeers: true
  excludeLinksFromLockfile: false

overrides:
  '@mastra/core': link:../../packages/core
  '@mastra/memory': link:../../packages/memory
  '@mastra/libsql': link:../../stores/libsql
  '@mastra/skills': link:../../packages/skills
  mastra: link:../../packages/cli

importers:

  .:
    dependencies:
      '@ai-sdk/openai':
        specifier: ^3.0.0
        version: 3.0.2(zod@3.25.76)
      '@ai-sdk/provider':
        specifier: ^3.0.0
        version: 3.0.1
      '@mastra/core':
        specifier: link:../../packages/core
        version: link:../../packages/core
      '@mastra/libsql':
        specifier: link:../../stores/libsql
        version: link:../../stores/libsql
      '@mastra/memory':
        specifier: link:../../packages/memory
        version: link:../../packages/memory
      '@mastra/skills':
        specifier: link:../../packages/skills
        version: link:../../packages/skills
      ai:
        specifier: ^6.0.1
        version: 6.0.5(zod@3.25.76)
      mastra:
        specifier: link:../../packages/cli
        version: link:../../packages/cli
      typescript:
        specifier: ^5.8.3
        version: 5.9.3
      zod:
        specifier: ^3
        version: 3.25.76

packages:

  '@ai-sdk/gateway@3.0.4':
    resolution: {integrity: sha512-OlccjNYZ5+4FaNyvs0kb3N5H6U/QCKlKPTGsgUo8IZkqfMQu8ALI1XD6l/BCuTKto+OO9xUPObT/W7JhbqJ5nA==}
    engines: {node: '>=18'}
    peerDependencies:
      zod: ^3.25.76 || ^4.1.8

  '@ai-sdk/openai@3.0.2':
    resolution: {integrity: sha512-GONwavgSWtcWO+t9+GpGK8l7nIYh+zNtCL/NYDSeHxHiw6ksQS9XMRWrZyE5NpJ0EXNxSAWCHIDmb1WvTqhq9Q==}
    engines: {node: '>=18'}
    peerDependencies:
      zod: ^3.25.76 || ^4.1.8

  '@ai-sdk/provider-utils@4.0.2':
    resolution: {integrity: sha512-KaykkuRBdF/ffpI5bwpL4aSCmO/99p8/ci+VeHwJO8tmvXtiVAb99QeyvvvXmL61e9Zrvv4GBGoajW19xdjkVQ==}
    engines: {node: '>=18'}
    peerDependencies:
      zod: ^3.25.76 || ^4.1.8

  '@ai-sdk/provider@3.0.1':
    resolution: {integrity: sha512-2lR4w7mr9XrydzxBSjir4N6YMGdXD+Np1Sh0RXABh7tWdNFFwIeRI1Q+SaYZMbfL8Pg8RRLcrxQm51yxTLhokg==}
    engines: {node: '>=18'}

  '@opentelemetry/api@1.9.0':
    resolution: {integrity: sha512-3giAOQvZiH5F9bMlMiv8+GSPMeqg0dbaeo58/0SlA9sxSqZhnUtxzX9/2FzyhS9sWQf5S0GJE0AKBrFqjpeYcg==}
    engines: {node: '>=8.0.0'}

  '@standard-schema/spec@1.1.0':
    resolution: {integrity: sha512-l2aFy5jALhniG5HgqrD6jXLi/rUWrKvqN/qJx6yoJsgKhblVd+iqqU4RCXavm/jPityDo5TCvKMnpjKnOriy0w==}

  '@vercel/oidc@3.0.5':
    resolution: {integrity: sha512-fnYhv671l+eTTp48gB4zEsTW/YtRgRPnkI2nT7x6qw5rkI1Lq2hTmQIpHPgyThI0znLK+vX2n9XxKdXZ7BUbbw==}
    engines: {node: '>= 20'}

  ai@6.0.5:
    resolution: {integrity: sha512-CKL3dDHedWskC6EY67LrULonZBU9vL+Bwa+xQEcprBhJfxpogntG3utjiAkYuy5ZQatyWk+SmWG8HLvcnhvbRg==}
    engines: {node: '>=18'}
    peerDependencies:
      zod: ^3.25.76 || ^4.1.8

  eventsource-parser@3.0.6:
    resolution: {integrity: sha512-Vo1ab+QXPzZ4tCa8SwIHJFaSzy4R6SHf7BY79rFBDf0idraZWAkYrDjDj8uWaSm3S2TK+hJ7/t1CEmZ7jXw+pg==}
    engines: {node: '>=18.0.0'}

  json-schema@0.4.0:
    resolution: {integrity: sha512-es94M3nTIfsEPisRafak+HDLfHXnKBhV3vU5eqPcS3flIWqcxJWgXHXiey3YrpaNsanY5ei1VoYEbOzijuq9BA==}

  typescript@5.9.3:
    resolution: {integrity: sha512-jl1vZzPDinLr9eUt3J/t7V6FgNEw9QjvBPdysz9KfQDD41fQrC2Y4vKQdiaUpFT4bXlb1RHhLpp8wtm6M5TgSw==}
    engines: {node: '>=14.17'}
    hasBin: true

  zod@3.25.76:
    resolution: {integrity: sha512-gzUt/qt81nXsFGKIFcC3YnfEAx5NkunCfnDlvuBSSFS02bcXu4Lmea0AFIUwbLWxWPx3d9p8S5QoaujKcNQxcQ==}

snapshots:

  '@ai-sdk/gateway@3.0.4(zod@3.25.76)':
    dependencies:
      '@ai-sdk/provider': 3.0.1
      '@ai-sdk/provider-utils': 4.0.2(zod@3.25.76)
      '@vercel/oidc': 3.0.5
      zod: 3.25.76

  '@ai-sdk/openai@3.0.2(zod@3.25.76)':
    dependencies:
      '@ai-sdk/provider': 3.0.1
      '@ai-sdk/provider-utils': 4.0.2(zod@3.25.76)
      zod: 3.25.76

  '@ai-sdk/provider-utils@4.0.2(zod@3.25.76)':
    dependencies:
      '@ai-sdk/provider': 3.0.1
      '@standard-schema/spec': 1.1.0
      eventsource-parser: 3.0.6
      zod: 3.25.76

  '@ai-sdk/provider@3.0.1':
    dependencies:
      json-schema: 0.4.0

  '@opentelemetry/api@1.9.0': {}

  '@standard-schema/spec@1.1.0': {}

  '@vercel/oidc@3.0.5': {}

  ai@6.0.5(zod@3.25.76):
    dependencies:
      '@ai-sdk/gateway': 3.0.4(zod@3.25.76)
      '@ai-sdk/provider': 3.0.1
      '@ai-sdk/provider-utils': 4.0.2(zod@3.25.76)
      '@opentelemetry/api': 1.9.0
      zod: 3.25.76

  eventsource-parser@3.0.6: {}

  json-schema@0.4.0: {}

  typescript@5.9.3: {}

  zod@3.25.76: {}
