lockfileVersion: '9.0'

settings:
  autoInstallPeers: true
  excludeLinksFromLockfile: false

overrides:
  '@mastra/core': link:../../packages/core
  '@mastra/agent-browser': link:../../browser/agent-browser
  '@mastra/browser-use': link:../../browser/browser-use
  '@mastra/stagehand': link:../../browser/stagehand
  '@mastra/memory': link:../../packages/memory
  '@mastra/libsql': link:../../stores/libsql
  mastra: link:../../packages/cli
  agent-browser: 0.22.2

importers:

  .:
    dependencies:
      '@ai-sdk/openai':
        specifier: npm:@ai-sdk/openai@2.0.15
        version: 2.0.15(zod@4.3.6)
      '@mastra/agent-browser':
        specifier: link:../../browser/agent-browser
        version: link:../../browser/agent-browser
      '@mastra/browser-use':
        specifier: link:../../browser/browser-use
        version: link:../../browser/browser-use
      '@mastra/core':
        specifier: link:../../packages/core
        version: link:../../packages/core
      '@mastra/libsql':
        specifier: link:../../stores/libsql
        version: link:../../stores/libsql
      '@mastra/memory':
        specifier: link:../../packages/memory
        version: link:../../packages/memory
      '@mastra/stagehand':
        specifier: link:../../browser/stagehand
        version: link:../../browser/stagehand
      agent-browser:
        specifier: 0.22.2
        version: 0.22.2
      mastra:
        specifier: link:../../packages/cli
        version: link:../../packages/cli
      zod:
        specifier: ^4.3.6
        version: 4.3.6

packages:

  '@ai-sdk/openai@2.0.15':
    resolution: {integrity: sha512-/IUyQ9ck4uUTtGojvQamcUWpNWkwpL/P1F6LYRxpQGj07H00oJEBH/VUizrIq0ZvW/vkuK6c6X4UJS9PrdYyxA==}
    engines: {node: '>=18'}
    peerDependencies:
      zod: ^3.25.76 || ^4

  '@ai-sdk/provider-utils@3.0.3':
    resolution: {integrity: sha512-kAxIw1nYmFW1g5TvE54ZB3eNtgZna0RnLjPUp1ltz1+t9xkXJIuDT4atrwfau9IbS0BOef38wqrI8CjFfQrxhw==}
    engines: {node: '>=18'}
    peerDependencies:
      zod: ^3.25.76 || ^4

  '@ai-sdk/provider@2.0.0':
    resolution: {integrity: sha512-6o7Y2SeO9vFKB8lArHXehNuusnpddKPk7xqL7T2/b+OvXMRIXUO1rR4wcv1hAFUAT9avGZshty3Wlua/XA7TvA==}
    engines: {node: '>=18'}

  '@standard-schema/spec@1.1.0':
    resolution: {integrity: sha512-l2aFy5jALhniG5HgqrD6jXLi/rUWrKvqN/qJx6yoJsgKhblVd+iqqU4RCXavm/jPityDo5TCvKMnpjKnOriy0w==}

  agent-browser@0.22.2:
    resolution: {integrity: sha512-4tMYd2YGC3rk/2Bmm7G9wiJxUmDmlN9QW0XIxU3ay7UIKhvLwzHdJ36BauIZ9GF2m0etWlXVWzvumSH4A8SETg==}
    hasBin: true

  eventsource-parser@3.0.6:
    resolution: {integrity: sha512-Vo1ab+QXPzZ4tCa8SwIHJFaSzy4R6SHf7BY79rFBDf0idraZWAkYrDjDj8uWaSm3S2TK+hJ7/t1CEmZ7jXw+pg==}
    engines: {node: '>=18.0.0'}

  json-schema@0.4.0:
    resolution: {integrity: sha512-es94M3nTIfsEPisRafak+HDLfHXnKBhV3vU5eqPcS3flIWqcxJWgXHXiey3YrpaNsanY5ei1VoYEbOzijuq9BA==}

  zod-to-json-schema@3.25.1:
    resolution: {integrity: sha512-pM/SU9d3YAggzi6MtR4h7ruuQlqKtad8e9S0fmxcMi+ueAK5Korys/aWcV9LIIHTVbj01NdzxcnXSN+O74ZIVA==}
    peerDependencies:
      zod: ^3.25 || ^4

  zod@4.3.6:
    resolution: {integrity: sha512-rftlrkhHZOcjDwkGlnUtZZkvaPHCsDATp4pGpuOOMDaTdDDXF91wuVDJoWoPsKX/3YPQ5fHuF3STjcYyKr+Qhg==}

snapshots:

  '@ai-sdk/openai@2.0.15(zod@4.3.6)':
    dependencies:
      '@ai-sdk/provider': 2.0.0
      '@ai-sdk/provider-utils': 3.0.3(zod@4.3.6)
      zod: 4.3.6

  '@ai-sdk/provider-utils@3.0.3(zod@4.3.6)':
    dependencies:
      '@ai-sdk/provider': 2.0.0
      '@standard-schema/spec': 1.1.0
      eventsource-parser: 3.0.6
      zod: 4.3.6
      zod-to-json-schema: 3.25.1(zod@4.3.6)

  '@ai-sdk/provider@2.0.0':
    dependencies:
      json-schema: 0.4.0

  '@standard-schema/spec@1.1.0': {}

  agent-browser@0.22.2: {}

  eventsource-parser@3.0.6: {}

  json-schema@0.4.0: {}

  zod-to-json-schema@3.25.1(zod@4.3.6):
    dependencies:
      zod: 4.3.6

  zod@4.3.6: {}
