lockfileVersion: '9.0'

settings:
  autoInstallPeers: true
  excludeLinksFromLockfile: false

overrides:
  '@mastra/libsql': link:../../stores/libsql
  '@mastra/loggers': link:../../packages/loggers
  '@mastra/observability': link:../../observability/mastra
  '@mastra/core': link:../../packages/core
  '@mastra/deployer': link:../../packages/deployer
  '@mastra/server': link:../../packages/server
  mastra: link:../../packages/cli

importers:

  .:
    dependencies:
      '@hono/node-server':
        specifier: ^1.19.8
        version: 1.19.9(hono@4.11.7)
      '@mastra/core':
        specifier: link:../../packages/core
        version: link:../../packages/core
      '@mastra/deployer':
        specifier: link:../../packages/deployer
        version: link:../../packages/deployer
      '@mastra/libsql':
        specifier: link:../../stores/libsql
        version: link:../../stores/libsql
      '@mastra/loggers':
        specifier: link:../../packages/loggers
        version: link:../../packages/loggers
      '@mastra/observability':
        specifier: link:../../observability/mastra
        version: link:../../observability/mastra
      mastra:
        specifier: link:../../packages/cli
        version: link:../../packages/cli
      zod:
        specifier: ^3.25.76
        version: 3.25.76

packages:

  '@hono/node-server@1.19.9':
    resolution: {integrity: sha512-vHL6w3ecZsky+8P5MD+eFfaGTyCeOHUIFYMGpQGbrBTSmNNoxv0if69rEZ5giu36weC5saFuznL411gRX7bJDw==}
    engines: {node: '>=18.14.1'}
    peerDependencies:
      hono: ^4

  hono@4.11.7:
    resolution: {integrity: sha512-l7qMiNee7t82bH3SeyUCt9UF15EVmaBvsppY2zQtrbIhl/yzBTny+YUxsVjSjQ6gaqaeVtZmGocom8TzBlA4Yw==}
    engines: {node: '>=16.9.0'}

  zod@3.25.76:
    resolution: {integrity: sha512-gzUt/qt81nXsFGKIFcC3YnfEAx5NkunCfnDlvuBSSFS02bcXu4Lmea0AFIUwbLWxWPx3d9p8S5QoaujKcNQxcQ==}

snapshots:

  '@hono/node-server@1.19.9(hono@4.11.7)':
    dependencies:
      hono: 4.11.7

  hono@4.11.7: {}

  zod@3.25.76: {}
