lockfileVersion: '9.0'

settings:
  autoInstallPeers: true
  excludeLinksFromLockfile: false

overrides:
  '@mastra/core': link:../packages/core
  '@mastra/loggers': link:../packages/loggers
  '@mastra/voice-openai': link:../voice/openai
  '@mastra/memory': link:../packages/memory
  '@mastra/client-js': link:../client-sdks/client-js
  '@mastra/mcp': link:../packages/mcp
  '@mastra/libsql': link:../stores/libsql
  '@mastra/observability': link:../observability/mastra
  '@mastra/evals': link:../packages/evals
  mastra: link:../packages/cli

importers:

  .:
    dependencies:
      '@mastra/core':
        specifier: link:../packages/core
        version: link:../packages/core
      '@mastra/evals':
        specifier: link:../packages/evals
        version: link:../packages/evals
      '@mastra/libsql':
        specifier: link:../stores/libsql
        version: link:../stores/libsql
      '@mastra/loggers':
        specifier: link:../packages/loggers
        version: link:../packages/loggers
      '@mastra/memory':
        specifier: link:../packages/memory
        version: link:../packages/memory
      '@mastra/observability':
        specifier: link:../observability/mastra
        version: link:../observability/mastra
      tinyrainbow:
        specifier: ^3.0.3
        version: 3.0.3
      zod:
        specifier: ^4.1.12
        version: 4.1.12
    devDependencies:
      '@types/node':
        specifier: ^24.10.1
        version: 24.10.1
      mastra:
        specifier: link:../packages/cli
        version: link:../packages/cli
      typescript:
        specifier: ^5.9.3
        version: 5.9.3

packages:

  '@types/node@24.10.1':
    resolution: {integrity: sha512-GNWcUTRBgIRJD5zj+Tq0fKOJ5XZajIiBroOF0yvj2bSU1WvNdYS/dn9UxwsujGW4JX06dnHyjV2y9rRaybH0iQ==}

  tinyrainbow@3.0.3:
    resolution: {integrity: sha512-PSkbLUoxOFRzJYjjxHJt9xro7D+iilgMX/C9lawzVuYiIdcihh9DXmVibBe8lmcFrRi/VzlPjBxbN7rH24q8/Q==}
    engines: {node: '>=14.0.0'}

  typescript@5.9.3:
    resolution: {integrity: sha512-jl1vZzPDinLr9eUt3J/t7V6FgNEw9QjvBPdysz9KfQDD41fQrC2Y4vKQdiaUpFT4bXlb1RHhLpp8wtm6M5TgSw==}
    engines: {node: '>=14.17'}
    hasBin: true

  undici-types@7.16.0:
    resolution: {integrity: sha512-Zz+aZWSj8LE6zoxD+xrjh4VfkIG8Ya6LvYkZqtUQGJPZjYl53ypCaUwWqo7eI0x66KBGeRo+mlBEkMSeSZ38Nw==}

  zod@4.1.12:
    resolution: {integrity: sha512-JInaHOamG8pt5+Ey8kGmdcAcg3OL9reK8ltczgHTAwNhMys/6ThXHityHxVV2p3fkw/c+MAvBHFVYHFZDmjMCQ==}

snapshots:

  '@types/node@24.10.1':
    dependencies:
      undici-types: 7.16.0

  tinyrainbow@3.0.3: {}

  typescript@5.9.3: {}

  undici-types@7.16.0: {}

  zod@4.1.12: {}
